{
  "version": 4,
  "terraform_version": "1.5.0",
  "serial": 3,
  "lineage": "2dba6376-7d83-1e86-58ed-3a8ef29d0fcd",
  "outputs": {},
  "resources": [
    {
      "mode": "managed",
      "type": "google_container_cluster",
      "name": "kubernetes-cluster",
      "provider": "provider[\"registry.terraform.io/hashicorp/google\"]",
      "instances": [
        {
          "schema_version": 1,
          "attributes": {
            "addons_config": [
              {
                "cloudrun_config": [],
                "config_connector_config": [],
                "dns_cache_config": [],
                "gce_persistent_disk_csi_driver_config": [
                  {
                    "enabled": true
                  }
                ],
                "gcp_filestore_csi_driver_config": [],
                "gke_backup_agent_config": [],
                "horizontal_pod_autoscaling": [],
                "http_load_balancing": [],
                "network_policy_config": [
                  {
                    "disabled": true
                  }
                ]
              }
            ],
            "authenticator_groups_config": [],
            "binary_authorization": [
              {
                "enabled": false,
                "evaluation_mode": ""
              }
            ],
            "cluster_autoscaling": [
              {
                "auto_provisioning_defaults": [],
                "enabled": false,
                "resource_limits": []
              }
            ],
            "cluster_ipv4_cidr": "10.0.0.0/14",
            "confidential_nodes": [],
            "cost_management_config": [],
            "database_encryption": [
              {
                "key_name": "",
                "state": "DECRYPTED"
              }
            ],
            "datapath_provider": "",
            "default_max_pods_per_node": null,
            "default_snat_status": [
              {
                "disabled": false
              }
            ],
            "description": "",
            "dns_config": [],
            "enable_autopilot": false,
            "enable_binary_authorization": false,
            "enable_intranode_visibility": false,
            "enable_kubernetes_alpha": false,
            "enable_l4_ilb_subsetting": false,
            "enable_legacy_abac": false,
            "enable_shielded_nodes": true,
            "enable_tpu": false,
            "endpoint": "34.170.9.243",
            "gateway_api_config": [],
            "id": "projects/b00932103-5409/locations/us-central1/clusters/kubernetes-cluster",
            "initial_node_count": 1,
            "ip_allocation_policy": [],
            "label_fingerprint": "a9dc16a7",
            "location": "us-central1",
            "logging_config": [
              {
                "enable_components": [
                  "SYSTEM_COMPONENTS",
                  "WORKLOADS"
                ]
              }
            ],
            "logging_service": "logging.googleapis.com/kubernetes",
            "maintenance_policy": [],
            "master_auth": [
              {
                "client_certificate": "",
                "client_certificate_config": [
                  {
                    "issue_client_certificate": false
                  }
                ],
                "client_key": "",
                "cluster_ca_certificate": "LS0tLS1CRUdJTiBDRVJUSUZJQ0FURS0tLS0tCk1JSUVMVENDQXBXZ0F3SUJBZ0lSQUw1VmZIbVo0STFjcXRINzhUZ1hyYlV3RFFZSktvWklodmNOQVFFTEJRQXcKTHpFdE1Dc0dBMVVFQXhNa1lUZzJNemhrTTJFdFl6VmhZaTAwTnpZNUxXRXlOVEV0TlRabE5EQTVabU5sTldSawpNQ0FYRFRJek1EWXhOakF4TlRVME5sb1lEekl3TlRNd05qQTRNREkxTlRRMldqQXZNUzB3S3dZRFZRUURFeVJoCk9EWXpPR1F6WVMxak5XRmlMVFEzTmprdFlUSTFNUzAxTm1VME1EbG1ZMlUxWkdRd2dnR2lNQTBHQ1NxR1NJYjMKRFFFQkFRVUFBNElCandBd2dnR0tBb0lCZ1FEVjVRUzV4QVkycXdhMTdTNWhtWWtsNnRHTXdKMEVhR0ZVS25MZgpvZVcwc0xSOUh6WDBrVVRiS09YTVJ0MHNjOUdrUnZVR09FN2tZb1ZKeGlZZlJ3ZWZ2bytJV1p4MURGaHpGSFZ5CjJ0SXBra2JhdVo2RWQxWDFNWld6dGY3SnZPSHFMVlpRMXV4UXBFR01SV1F5N0NHZjQrUENDQlhRZFMxa3cwbFkKbmZwRzI1VXdmRVBxZmt2REdoWWpQdDZIazQ1TmQrc0lzWDhjNHJRazFPamNUZnpwaTJLbGlvTlZjN2I5M0hiaApmTzRsN2VFRFRwcHI0MFZ1ek9DeEgwNDBMamJZY0NSZFlFWWhPQ0lzaTBUV2htVm9UQ2hiUFRUZ3RHQ2FtVWpLCkg3Rk5CbVUrTHJvbFNiQ1NGOHFJWnZSL0JxREtnRmRuSGtUc2NCUkdZZnFFaWRiTzdUY0JnRVNSTlEwRTZXcXoKcjZNTWxjY1FVZE5UbldlOXpkMHB2UWtmZElBYm03djdBQXUrdHdyYzY4SU4ybTJLVVV5TzIrWU5xVGdWV1ptcQpCa2xrS0srS0hZcUsvdkxESDZTMldCeHZtWjBZdngrb3MvS2c4WFJzcmRuenFnWnRIZEg1YU8zV0VxbzlDNEUrClo4dlJyN1loa2xqK1JwdCtaN2F2QVhlcDlZOENBd0VBQWFOQ01FQXdEZ1lEVlIwUEFRSC9CQVFEQWdJRU1BOEcKQTFVZEV3RUIvd1FGTUFNQkFmOHdIUVlEVlIwT0JCWUVGT3FXdUd2V2RjZWtiU0kzcEN2c0Q5NjR4TWtSTUEwRwpDU3FHU0liM0RRRUJDd1VBQTRJQmdRQkUrTHNTRXhueHZVZEFiOVVZd0x4Z3FjdXl6d05ibTc1TkZDM3gzZUNxCmcyalEyTUQ1cUZNdUNJS0NCMnpYVXArZlhXTmJaQStpTURoSjdIYk84cmVuaDc1cUFyUEk2ZXFxRE1rQi83Zm4Kb2JLSyt0UmZYcDQ2M3h5Z2x3blY1OWpHemVRTVR6eUJma3Rqemx6MHBIZ01ENjFGMkFsS1lzQy9ocWJVT28rcgpEcTlKcENONW1ZZisyeFBPMjVoK2c3WVhIblFLdmUzb241Qis5b29jdktFUXlwWjZ4dW14Y2pGcXFHOFpjMVJUCmpsbEt2VGpCY0lGMS9adi9WbUxSSmRBemNkZjZjdlNkcGZFZnREUWl1bUJQRloxTHlaWVQzbnQvSTI5S3NJRmsKVmRtSlV1YXlRcVY1dVUzWFovdm8vNEtKYitIVnBQMGt3b2NDVGdLRTlnek1lUmlIZXkxWmxxTFFNWmR2Y0tBNAozK0pkWWd3U0pRMkh2V2JIYUxGa3k2OVhHQ2svRlNVT29KbXBJL3BYRkFDaW9MU0NiVWxpK3FDMkMxZC9PbnVhCngzZjk2RWI1VUV5bDhOQkRqZDFxVGdubXJabkxQUVFkMmpaWk1MUGhITmtjc3Nic1pUKzA0c1pZbXZ6YWhyNDgKMnRISkdER1JEblRPY1FQeVd6SjRjRlU9Ci0tLS0tRU5EIENFUlRJRklDQVRFLS0tLS0K"
              }
            ],
            "master_authorized_networks_config": [],
            "master_version": "1.25.8-gke.500",
            "mesh_certificates": [],
            "min_master_version": null,
            "monitoring_config": [
              {
                "enable_components": [
                  "SYSTEM_COMPONENTS"
                ],
                "managed_prometheus": []
              }
            ],
            "monitoring_service": "monitoring.googleapis.com/kubernetes",
            "name": "kubernetes-cluster",
            "network": "projects/b00932103-5409/global/networks/default",
            "network_policy": [
              {
                "enabled": false,
                "provider": "PROVIDER_UNSPECIFIED"
              }
            ],
            "networking_mode": "ROUTES",
            "node_config": [
              {
                "advanced_machine_features": [],
                "boot_disk_kms_key": "",
                "disk_size_gb": 10,
                "disk_type": "pd-balanced",
                "ephemeral_storage_local_ssd_config": [],
                "gcfs_config": [],
                "guest_accelerator": [],
                "gvnic": [],
                "image_type": "COS_CONTAINERD",
                "kubelet_config": [],
                "labels": {},
                "linux_node_config": [],
                "local_nvme_ssd_block_config": [],
                "local_ssd_count": 0,
                "logging_variant": "DEFAULT",
                "machine_type": "e2-micro",
                "metadata": {
                  "disable-legacy-endpoints": "true"
                },
                "min_cpu_platform": "",
                "node_group": "",
                "oauth_scopes": [
                  "https://www.googleapis.com/auth/cloud-platform",
                  "https://www.googleapis.com/auth/userinfo.email"
                ],
                "preemptible": false,
                "reservation_affinity": [],
                "resource_labels": null,
                "service_account": "254065696491-compute@developer.gserviceaccount.com",
                "shielded_instance_config": [
                  {
                    "enable_integrity_monitoring": true,
                    "enable_secure_boot": false
                  }
                ],
                "spot": false,
                "tags": null,
                "taint": [],
                "workload_metadata_config": []
              }
            ],
            "node_locations": [
              "us-central1-a",
              "us-central1-b",
              "us-central1-c"
            ],
            "node_pool": [
              {
                "autoscaling": [],
                "initial_node_count": 1,
                "instance_group_urls": [
                  "https://www.googleapis.com/compute/v1/projects/b00932103-5409/zones/us-central1-b/instanceGroupManagers/gke-kubernetes-cluster-default-pool-eb7ee106-grp",
                  "https://www.googleapis.com/compute/v1/projects/b00932103-5409/zones/us-central1-a/instanceGroupManagers/gke-kubernetes-cluster-default-pool-2c3f7513-grp",
                  "https://www.googleapis.com/compute/v1/projects/b00932103-5409/zones/us-central1-c/instanceGroupManagers/gke-kubernetes-cluster-default-pool-3ca82662-grp"
                ],
                "managed_instance_group_urls": [
                  "https://www.googleapis.com/compute/v1/projects/b00932103-5409/zones/us-central1-b/instanceGroups/gke-kubernetes-cluster-default-pool-eb7ee106-grp",
                  "https://www.googleapis.com/compute/v1/projects/b00932103-5409/zones/us-central1-a/instanceGroups/gke-kubernetes-cluster-default-pool-2c3f7513-grp",
                  "https://www.googleapis.com/compute/v1/projects/b00932103-5409/zones/us-central1-c/instanceGroups/gke-kubernetes-cluster-default-pool-3ca82662-grp"
                ],
                "management": [
                  {
                    "auto_repair": true,
                    "auto_upgrade": true
                  }
                ],
                "max_pods_per_node": 0,
                "name": "default-pool",
                "name_prefix": "",
                "network_config": [
                  {
                    "create_pod_range": false,
                    "enable_private_nodes": false,
                    "pod_cidr_overprovision_config": [],
                    "pod_ipv4_cidr_block": "",
                    "pod_range": ""
                  }
                ],
                "node_config": [
                  {
                    "advanced_machine_features": [],
                    "boot_disk_kms_key": "",
                    "disk_size_gb": 10,
                    "disk_type": "pd-balanced",
                    "ephemeral_storage_local_ssd_config": [],
                    "gcfs_config": [],
                    "guest_accelerator": [],
                    "gvnic": [],
                    "image_type": "COS_CONTAINERD",
                    "kubelet_config": [],
                    "labels": {},
                    "linux_node_config": [],
                    "local_nvme_ssd_block_config": [],
                    "local_ssd_count": 0,
                    "logging_variant": "DEFAULT",
                    "machine_type": "e2-micro",
                    "metadata": {
                      "disable-legacy-endpoints": "true"
                    },
                    "min_cpu_platform": "",
                    "node_group": "",
                    "oauth_scopes": [
                      "https://www.googleapis.com/auth/cloud-platform",
                      "https://www.googleapis.com/auth/userinfo.email"
                    ],
                    "preemptible": false,
                    "reservation_affinity": [],
                    "resource_labels": {},
                    "service_account": "254065696491-compute@developer.gserviceaccount.com",
                    "shielded_instance_config": [
                      {
                        "enable_integrity_monitoring": true,
                        "enable_secure_boot": false
                      }
                    ],
                    "spot": false,
                    "tags": [],
                    "taint": [],
                    "workload_metadata_config": []
                  }
                ],
                "node_count": 1,
                "node_locations": [
                  "us-central1-a",
                  "us-central1-b",
                  "us-central1-c"
                ],
                "placement_policy": [],
                "upgrade_settings": [
                  {
                    "blue_green_settings": [],
                    "max_surge": 1,
                    "max_unavailable": 0,
                    "strategy": "SURGE"
                  }
                ],
                "version": "1.25.8-gke.500"
              }
            ],
            "node_pool_defaults": [
              {
                "node_config_defaults": [
                  {
                    "logging_variant": "DEFAULT"
                  }
                ]
              }
            ],
            "node_version": "1.25.8-gke.500",
            "notification_config": [
              {
                "pubsub": [
                  {
                    "enabled": false,
                    "filter": [],
                    "topic": ""
                  }
                ]
              }
            ],
            "operation": null,
            "private_cluster_config": [
              {
                "enable_private_endpoint": false,
                "enable_private_nodes": false,
                "master_global_access_config": [
                  {
                    "enabled": false
                  }
                ],
                "master_ipv4_cidr_block": "",
                "peering_name": "",
                "private_endpoint": "10.128.0.18",
                "private_endpoint_subnetwork": "",
                "public_endpoint": "34.170.9.243"
              }
            ],
            "private_ipv6_google_access": "",
            "project": "b00932103-5409",
            "release_channel": [
              {
                "channel": "REGULAR"
              }
            ],
            "remove_default_node_pool": null,
            "resource_labels": null,
            "resource_usage_export_config": [],
            "self_link": "https://container.googleapis.com/v1/projects/b00932103-5409/locations/us-central1/clusters/kubernetes-cluster",
            "service_external_ips_config": [
              {
                "enabled": false
              }
            ],
            "services_ipv4_cidr": "10.3.240.0/20",
            "subnetwork": "projects/b00932103-5409/regions/us-central1/subnetworks/default",
            "timeouts": null,
            "tpu_ipv4_cidr_block": "",
            "vertical_pod_autoscaling": [],
            "workload_identity_config": []
          },
          "sensitive_attributes": [],
          "private": "eyJlMmJmYjczMC1lY2FhLTExZTYtOGY4OC0zNDM2M2JjN2M0YzAiOnsiY3JlYXRlIjoyNDAwMDAwMDAwMDAwLCJkZWxldGUiOjI0MDAwMDAwMDAwMDAsInJlYWQiOjI0MDAwMDAwMDAwMDAsInVwZGF0ZSI6MzYwMDAwMDAwMDAwMH0sInNjaGVtYV92ZXJzaW9uIjoiMSJ9"
        }
      ]
    }
  ],
  "check_results": null
}
