{
  "version": 4,
  "terraform_version": "1.5.0",
  "serial": 37,
  "lineage": "2dba6376-7d83-1e86-58ed-3a8ef29d0fcd",
  "outputs": {},
  "resources": [
    {
      "mode": "managed",
      "type": "google_compute_disk",
      "name": "kubernetes-cluster",
      "provider": "provider[\"registry.terraform.io/hashicorp/google\"]",
      "instances": [
        {
          "schema_version": 0,
          "attributes": {
            "creation_timestamp": "2023-06-16T08:27:26.040-07:00",
            "description": "",
            "disk_encryption_key": [],
            "guest_os_features": [],
            "id": "projects/b00932103-5409/zones/us-central1-a/disks/kubernetes-cluster",
            "image": "",
            "label_fingerprint": "42WmSpB8rSM=",
            "labels": {},
            "last_attach_timestamp": "",
            "last_detach_timestamp": "",
            "licenses": [],
            "name": "kubernetes-cluster",
            "physical_block_size_bytes": 4096,
            "project": "b00932103-5409",
            "provisioned_iops": 0,
            "self_link": "https://www.googleapis.com/compute/v1/projects/b00932103-5409/zones/us-central1-a/disks/kubernetes-cluster",
            "size": 1,
            "snapshot": "",
            "source_disk": "",
            "source_disk_id": "",
            "source_image_encryption_key": [],
            "source_image_id": "",
            "source_snapshot_encryption_key": [],
            "source_snapshot_id": "",
            "timeouts": null,
            "type": "pd-standard",
            "users": [],
            "zone": "us-central1-a"
          },
          "sensitive_attributes": [],
          "private": "eyJlMmJmYjczMC1lY2FhLTExZTYtOGY4OC0zNDM2M2JjN2M0YzAiOnsiY3JlYXRlIjoxMjAwMDAwMDAwMDAwLCJkZWxldGUiOjEyMDAwMDAwMDAwMDAsInVwZGF0ZSI6MTIwMDAwMDAwMDAwMH19"
        }
      ]
    },
    {
      "mode": "managed",
      "type": "google_container_cluster",
      "name": "kubernetes-cluster",
      "provider": "provider[\"registry.terraform.io/hashicorp/google\"]",
      "instances": [
        {
          "schema_version": 1,
          "attributes": {
            "addons_config": [
              {
                "cloudrun_config": [],
                "config_connector_config": [],
                "dns_cache_config": [],
                "gce_persistent_disk_csi_driver_config": [
                  {
                    "enabled": true
                  }
                ],
                "gcp_filestore_csi_driver_config": [],
                "gke_backup_agent_config": [],
                "horizontal_pod_autoscaling": [],
                "http_load_balancing": [],
                "network_policy_config": [
                  {
                    "disabled": true
                  }
                ]
              }
            ],
            "authenticator_groups_config": [],
            "binary_authorization": [
              {
                "enabled": false,
                "evaluation_mode": ""
              }
            ],
            "cluster_autoscaling": [
              {
                "auto_provisioning_defaults": [],
                "enabled": false,
                "resource_limits": []
              }
            ],
            "cluster_ipv4_cidr": "10.0.0.0/14",
            "confidential_nodes": [],
            "cost_management_config": [],
            "database_encryption": [
              {
                "key_name": "",
                "state": "DECRYPTED"
              }
            ],
            "datapath_provider": "",
            "default_max_pods_per_node": null,
            "default_snat_status": [
              {
                "disabled": false
              }
            ],
            "description": "",
            "dns_config": [],
            "enable_autopilot": false,
            "enable_binary_authorization": false,
            "enable_intranode_visibility": false,
            "enable_kubernetes_alpha": false,
            "enable_l4_ilb_subsetting": false,
            "enable_legacy_abac": false,
            "enable_shielded_nodes": true,
            "enable_tpu": false,
            "endpoint": "104.198.151.2",
            "gateway_api_config": [],
            "id": "projects/b00932103-5409/locations/us-central1/clusters/kubernetes-cluster",
            "initial_node_count": 1,
            "ip_allocation_policy": [],
            "label_fingerprint": "a9dc16a7",
            "location": "us-central1",
            "logging_config": [
              {
                "enable_components": [
                  "SYSTEM_COMPONENTS",
                  "WORKLOADS"
                ]
              }
            ],
            "logging_service": "logging.googleapis.com/kubernetes",
            "maintenance_policy": [],
            "master_auth": [
              {
                "client_certificate": "",
                "client_certificate_config": [
                  {
                    "issue_client_certificate": false
                  }
                ],
                "client_key": "",
                "cluster_ca_certificate": "LS0tLS1CRUdJTiBDRVJUSUZJQ0FURS0tLS0tCk1JSUVMRENDQXBTZ0F3SUJBZ0lRRHFHUStneUFBS3NnUmNKZi9KQVFvekFOQmdrcWhraUc5dzBCQVFzRkFEQXYKTVMwd0t3WURWUVFERXlRMk5qTm1NRFE0TXkwNU9HSTVMVFJpTmpFdE9UWmlNUzAwWVRKbU16YzJNR0l6WkRBdwpJQmNOTWpNd05qRTRNRE13TlRNNVdoZ1BNakExTXpBMk1UQXdOREExTXpsYU1DOHhMVEFyQmdOVkJBTVRKRFkyCk0yWXdORGd6TFRrNFlqa3ROR0kyTVMwNU5tSXhMVFJoTW1Zek56WXdZak5rTURDQ0FhSXdEUVlKS29aSWh2Y04KQVFFQkJRQURnZ0dQQURDQ0FZb0NnZ0dCQUtBUzBmamRROU14OEp4MExpdW5DbE9RUTVPTHNsN3VpU1hPVytJbQpwL2NMU0dOYksxcWFYSExhK0RtZ2dSajlXd1h4MDlTN1JqMkZDMDI5YjYyLzlaVTJSbWMveVVaS2UzTjVjbU9KCndpYVVKcm9PTDJla1ByRktJd1g4cHdSb0JPM2ozYi9hMGZmWVpMUFhUVEVoTjVoSW55eFU1Q2RGUlFSSjRVYkoKaHJ0ekJzNzk2NDViUWU0eXhRUHZHdUVXejNpYkNnNUhEL3Z3azZrUnhPK0djc1hqNDhlWjE4cDZZdmtpbGxHWApoYldYek9Qdld0OFZYTnNqanMxRkZ3bmkvSk4zd3A5VnFEdWs3aWk4TGNvRFZvZDkwM1NIVXAvN0pTNU9YWEVYCm9ib2xTOHVtTVNTcGp0TTc3Z3p6enMzSDBJSHRIVFpnLzlrL3FZdVp4QjBhZ2pqcWpHY05hSjlMWmhjN29UZmEKTHpQQVJPeU12UEdZdE9LUVE2SVBoSnNCR0xzUXRUVDFQS0g1TmJrZWw0RDVqOVVWTzRKYUg1aGhBTkZsNVViVQpGSHdZUHhUOG81QUJPT0JlUGZqSG9BRXF2ZkUrZ1dydWhvYnNnY1llZXdHbzZiMHRmWjJrS3VickhyZFRlblhvCnJZWFRqYUpjblVoNFhSc3Rza2FyRW53Rmx3SURBUUFCbzBJd1FEQU9CZ05WSFE4QkFmOEVCQU1DQWdRd0R3WUQKVlIwVEFRSC9CQVV3QXdFQi96QWRCZ05WSFE0RUZnUVViT0lzWjFzendhOVBlaFlFUE5sTU1yS1VDYlF3RFFZSgpLb1pJaHZjTkFRRUxCUUFEZ2dHQkFDWDRsZVFSWFF6bFRwKzV4QmxQQ2JLTE42SWlYcm9ZemVabXVGMkt0K0s5Ck5BaVVkd1d1OUpibVV6MXI4S2FqMDJCY1diMUo5RmhraWRuTVdJVE9hcFFHK1A3UndlOFBUQ01teXdxZllxd0sKWVFmc2g5RTVCYlBVUDkzSzdzUnJXbHlxUExsNjc4UFhqdjA4K0lxaFpEdHB5cksxbUoyWnVYOENwZmRTR3o3KworWWdWWVg4QWhHd09ZdStiTXFFeWxyOFM5SEhBMDRnSnl4dHQydjZQRGdqZFFWNmZpNlhjeTBHa2kwcFRCTTJiCm1wUGNLRlczb3VEWGFIL1ExeHVCNGhZMGJGalpGR0EzRXMwWW1yVlVJK1VvbDg5aWhpQnNyTm5hN0lDR2hnTkQKVklqaXlXYjEwc2ZzdU13dWVzUGU2bkJucG1IczBMNVU0MC9IMnJsS0dZd2pvQ05SWXlzd0RMTHhPQllTK1QwbApremRLTmh1cDBrd3V5QmRyUFZTNnp1TVpKc3NENXN0SWhTV284Z0UwSjA5Qlp5NEMwYWdXbWgwM1NMWTF5WTFMCjBhYnl1bHBVOE0yQ0Jia1BDdHFBckRrczZTZTV4NmV0dkpXSmo1SzJPbmRYVnY5NThRT0pvOSszT050SXJQU28Kd3graGt3S0pCT1dqVkgzMGU5c2dDZz09Ci0tLS0tRU5EIENFUlRJRklDQVRFLS0tLS0K"
              }
            ],
            "master_authorized_networks_config": [],
            "master_version": "1.25.8-gke.500",
            "mesh_certificates": [],
            "min_master_version": null,
            "monitoring_config": [
              {
                "enable_components": [
                  "SYSTEM_COMPONENTS"
                ],
                "managed_prometheus": []
              }
            ],
            "monitoring_service": "monitoring.googleapis.com/kubernetes",
            "name": "kubernetes-cluster",
            "network": "projects/b00932103-5409/global/networks/default",
            "network_policy": [
              {
                "enabled": false,
                "provider": "PROVIDER_UNSPECIFIED"
              }
            ],
            "networking_mode": "ROUTES",
            "node_config": [
              {
                "advanced_machine_features": [],
                "boot_disk_kms_key": "",
                "disk_size_gb": 100,
                "disk_type": "pd-balanced",
                "ephemeral_storage_local_ssd_config": [],
                "gcfs_config": [],
                "guest_accelerator": [],
                "gvnic": [],
                "image_type": "COS_CONTAINERD",
                "kubelet_config": [],
                "labels": {},
                "linux_node_config": [],
                "local_nvme_ssd_block_config": [],
                "local_ssd_count": 0,
                "logging_variant": "DEFAULT",
                "machine_type": "e2-standard-2",
                "metadata": {
                  "disable-legacy-endpoints": "true"
                },
                "min_cpu_platform": "",
                "node_group": "",
                "oauth_scopes": [
                  "https://www.googleapis.com/auth/devstorage.read_only",
                  "https://www.googleapis.com/auth/logging.write",
                  "https://www.googleapis.com/auth/monitoring",
                  "https://www.googleapis.com/auth/service.management.readonly",
                  "https://www.googleapis.com/auth/servicecontrol",
                  "https://www.googleapis.com/auth/trace.append"
                ],
                "preemptible": false,
                "reservation_affinity": [],
                "resource_labels": null,
                "service_account": "default",
                "shielded_instance_config": [
                  {
                    "enable_integrity_monitoring": true,
                    "enable_secure_boot": false
                  }
                ],
                "spot": false,
                "tags": null,
                "taint": [],
                "workload_metadata_config": []
              }
            ],
            "node_locations": [
              "us-central1-b",
              "us-central1-c",
              "us-central1-f"
            ],
            "node_pool": [
              {
                "autoscaling": [],
                "initial_node_count": 1,
                "instance_group_urls": [
                  "https://www.googleapis.com/compute/v1/projects/b00932103-5409/zones/us-central1-f/instanceGroupManagers/gke-kubernetes-cluster-default-pool-8a608678-grp",
                  "https://www.googleapis.com/compute/v1/projects/b00932103-5409/zones/us-central1-c/instanceGroupManagers/gke-kubernetes-cluster-default-pool-8043620e-grp",
                  "https://www.googleapis.com/compute/v1/projects/b00932103-5409/zones/us-central1-b/instanceGroupManagers/gke-kubernetes-cluster-default-pool-ca618d3e-grp"
                ],
                "managed_instance_group_urls": [
                  "https://www.googleapis.com/compute/v1/projects/b00932103-5409/zones/us-central1-f/instanceGroups/gke-kubernetes-cluster-default-pool-8a608678-grp",
                  "https://www.googleapis.com/compute/v1/projects/b00932103-5409/zones/us-central1-c/instanceGroups/gke-kubernetes-cluster-default-pool-8043620e-grp",
                  "https://www.googleapis.com/compute/v1/projects/b00932103-5409/zones/us-central1-b/instanceGroups/gke-kubernetes-cluster-default-pool-ca618d3e-grp"
                ],
                "management": [
                  {
                    "auto_repair": true,
                    "auto_upgrade": true
                  }
                ],
                "max_pods_per_node": 0,
                "name": "default-pool",
                "name_prefix": "",
                "network_config": [
                  {
                    "create_pod_range": false,
                    "enable_private_nodes": false,
                    "pod_cidr_overprovision_config": [],
                    "pod_ipv4_cidr_block": "",
                    "pod_range": ""
                  }
                ],
                "node_config": [
                  {
                    "advanced_machine_features": [],
                    "boot_disk_kms_key": "",
                    "disk_size_gb": 100,
                    "disk_type": "pd-balanced",
                    "ephemeral_storage_local_ssd_config": [],
                    "gcfs_config": [],
                    "guest_accelerator": [],
                    "gvnic": [],
                    "image_type": "COS_CONTAINERD",
                    "kubelet_config": [],
                    "labels": {},
                    "linux_node_config": [],
                    "local_nvme_ssd_block_config": [],
                    "local_ssd_count": 0,
                    "logging_variant": "DEFAULT",
                    "machine_type": "e2-standard-2",
                    "metadata": {
                      "disable-legacy-endpoints": "true"
                    },
                    "min_cpu_platform": "",
                    "node_group": "",
                    "oauth_scopes": [
                      "https://www.googleapis.com/auth/devstorage.read_only",
                      "https://www.googleapis.com/auth/logging.write",
                      "https://www.googleapis.com/auth/monitoring",
                      "https://www.googleapis.com/auth/service.management.readonly",
                      "https://www.googleapis.com/auth/servicecontrol",
                      "https://www.googleapis.com/auth/trace.append"
                    ],
                    "preemptible": false,
                    "reservation_affinity": [],
                    "resource_labels": {},
                    "service_account": "default",
                    "shielded_instance_config": [
                      {
                        "enable_integrity_monitoring": true,
                        "enable_secure_boot": false
                      }
                    ],
                    "spot": false,
                    "tags": [],
                    "taint": [],
                    "workload_metadata_config": []
                  }
                ],
                "node_count": 1,
                "node_locations": [
                  "us-central1-b",
                  "us-central1-c",
                  "us-central1-f"
                ],
                "placement_policy": [],
                "upgrade_settings": [
                  {
                    "blue_green_settings": [],
                    "max_surge": 1,
                    "max_unavailable": 0,
                    "strategy": "SURGE"
                  }
                ],
                "version": "1.25.8-gke.500"
              }
            ],
            "node_pool_defaults": [
              {
                "node_config_defaults": [
                  {
                    "logging_variant": "DEFAULT"
                  }
                ]
              }
            ],
            "node_version": "1.25.8-gke.500",
            "notification_config": [
              {
                "pubsub": [
                  {
                    "enabled": false,
                    "filter": [],
                    "topic": ""
                  }
                ]
              }
            ],
            "operation": null,
            "private_cluster_config": [
              {
                "enable_private_endpoint": false,
                "enable_private_nodes": false,
                "master_global_access_config": [
                  {
                    "enabled": false
                  }
                ],
                "master_ipv4_cidr_block": "",
                "peering_name": "",
                "private_endpoint": "10.128.15.203",
                "private_endpoint_subnetwork": "",
                "public_endpoint": "104.198.151.2"
              }
            ],
            "private_ipv6_google_access": "",
            "project": "b00932103-5409",
            "release_channel": [
              {
                "channel": "REGULAR"
              }
            ],
            "remove_default_node_pool": null,
            "resource_labels": null,
            "resource_usage_export_config": [],
            "self_link": "https://container.googleapis.com/v1/projects/b00932103-5409/locations/us-central1/clusters/kubernetes-cluster",
            "service_external_ips_config": [
              {
                "enabled": false
              }
            ],
            "services_ipv4_cidr": "10.3.240.0/20",
            "subnetwork": "projects/b00932103-5409/regions/us-central1/subnetworks/default",
            "timeouts": null,
            "tpu_ipv4_cidr_block": "",
            "vertical_pod_autoscaling": [],
            "workload_identity_config": []
          },
          "sensitive_attributes": [],
          "private": "eyJlMmJmYjczMC1lY2FhLTExZTYtOGY4OC0zNDM2M2JjN2M0YzAiOnsiY3JlYXRlIjoyNDAwMDAwMDAwMDAwLCJkZWxldGUiOjI0MDAwMDAwMDAwMDAsInJlYWQiOjI0MDAwMDAwMDAwMDAsInVwZGF0ZSI6MzYwMDAwMDAwMDAwMH0sInNjaGVtYV92ZXJzaW9uIjoiMSJ9"
        }
      ]
    }
  ],
  "check_results": null
}
